
Microsoft Visual Studio Solution File, Format Version 12.00
# Visual Studio 15
VisualStudioVersion = 15.0.28307.1684
MinimumVisualStudioVersion = 10.0.40219.1
Project("{FAE04EC0-301F-11D3-BF4B-00C04F79EFBC}") = "ATCDIExportTool", "ATCDIExportTool\ATCDIExportTool.csproj", "{49A3CAB0-9F04-43C3-AAD8-8F94CC663CE1}"
EndProject
Global
	GlobalSection(SolutionConfigurationPlatforms) = preSolution
		Debug|Any CPU = Debug|Any CPU
		Release|Any CPU = Release|Any CPU
	EndGlobalSection
	GlobalSection(ProjectConfigurationPlatforms) = postSolution
		{49A3CAB0-9F04-43C3-AAD8-8F94CC663CE1}.Debug|Any CPU.ActiveCfg = Debug|Any CPU
		{49A3CAB0-9F04-43C3-AAD8-8F94CC663CE1}.Debug|Any CPU.Build.0 = Debug|Any CPU
		{49A3CAB0-9F04-43C3-AAD8-8F94CC663CE1}.Release|Any CPU.ActiveCfg = Release|Any CPU
		{49A3CAB0-9F04-43C3-AAD8-8F94CC663CE1}.Release|Any CPU.Build.0 = Release|Any CPU
	EndGlobalSection
	GlobalSection(SolutionProperties) = preSolution
		HideSolutionNode = FALSE
	EndGlobalSection
	GlobalSection(ExtensibilityGlobals) = postSolution
		SolutionGuid = {157177D4-55C7-4F9B-8679-EC6A0491B152}
	EndGlobalSection
EndGlobal
